
Microsoft Visual Studio Solution File, Format Version 12.00
# Visual Studio 2013
VisualStudioVersion = 12.0.21005.1
MinimumVisualStudioVersion = 10.0.40219.1
Project("{FAE04EC0-301F-11D3-BF4B-00C04F79EFBC}") = "PubSubLibrary", "PubSubLibrary\PubSubLibrary.csproj", "{BB4F154F-9882-4E59-BCC6-95E463C525FE}"
EndProject
Project("{FAE04EC0-301F-11D3-BF4B-00C04F79EFBC}") = "PubSubConsole", "PubSubConsole\PubSubConsole.csproj", "{1A4879CC-12E6-4413-8939-A3A218994A0C}"
EndProject
Project("{FAE04EC0-301F-11D3-BF4B-00C04F79EFBC}") = "PubSubLibraryTest", "PubSubLibraryTest\PubSubLibraryTest.csproj", "{0DA6E9A4-C34D-4FE7-AC44-784B10FFFD46}"
EndProject
Global
	GlobalSection(SolutionConfigurationPlatforms) = preSolution
		Debug|Any CPU = Debug|Any CPU
		Release|Any CPU = Release|Any CPU
	EndGlobalSection
	GlobalSection(ProjectConfigurationPlatforms) = postSolution
		{BB4F154F-9882-4E59-BCC6-95E463C525FE}.Debug|Any CPU.ActiveCfg = Debug|Any CPU
		{BB4F154F-9882-4E59-BCC6-95E463C525FE}.Debug|Any CPU.Build.0 = Debug|Any CPU
		{BB4F154F-9882-4E59-BCC6-95E463C525FE}.Release|Any CPU.ActiveCfg = Release|Any CPU
		{BB4F154F-9882-4E59-BCC6-95E463C525FE}.Release|Any CPU.Build.0 = Release|Any CPU
		{1A4879CC-12E6-4413-8939-A3A218994A0C}.Debug|Any CPU.ActiveCfg = Debug|Any CPU
		{1A4879CC-12E6-4413-8939-A3A218994A0C}.Debug|Any CPU.Build.0 = Debug|Any CPU
		{1A4879CC-12E6-4413-8939-A3A218994A0C}.Release|Any CPU.ActiveCfg = Release|Any CPU
		{1A4879CC-12E6-4413-8939-A3A218994A0C}.Release|Any CPU.Build.0 = Release|Any CPU
		{0DA6E9A4-C34D-4FE7-AC44-784B10FFFD46}.Debug|Any CPU.ActiveCfg = Debug|Any CPU
		{0DA6E9A4-C34D-4FE7-AC44-784B10FFFD46}.Debug|Any CPU.Build.0 = Debug|Any CPU
		{0DA6E9A4-C34D-4FE7-AC44-784B10FFFD46}.Release|Any CPU.ActiveCfg = Release|Any CPU
		{0DA6E9A4-C34D-4FE7-AC44-784B10FFFD46}.Release|Any CPU.Build.0 = Release|Any CPU
	EndGlobalSection
	GlobalSection(SolutionProperties) = preSolution
		HideSolutionNode = FALSE
	EndGlobalSection
EndGlobal
